
Microsoft Visual Studio Solution File, Format Version 12.00
# Visual Studio Version 17
VisualStudioVersion = 17.0.31912.275
MinimumVisualStudioVersion = 10.0.40219.1
Project("{9A19103F-16F7-4668-BE54-9A1E7A4F7556}") = "0001.TwoSum", "1.TwoSum\0001.TwoSum.csproj", "{6E1270BB-DCE5-48E0-A693-2CBCBAFDFD62}"
EndProject
Project("{9A19103F-16F7-4668-BE54-9A1E7A4F7556}") = "0002.AddTwoNumbers", "2.AddTwoNumbers\0002.AddTwoNumbers.csproj", "{679E602F-AC20-4668-9172-F7479FA66F6D}"
EndProject
Project("{9A19103F-16F7-4668-BE54-9A1E7A4F7556}") = "0003.LongestSubstringWithoutRepeats", "3.LongestSubstringWithoutRepeats\0003.LongestSubstringWithoutRepeats.csproj", "{96852708-0102-47C3-A08B-9616516D7190}"
EndProject
Project("{9A19103F-16F7-4668-BE54-9A1E7A4F7556}") = "0420.PasswordChecker", "420.PasswordChecker\0420.PasswordChecker.csproj", "{CCAA255F-BE90-4DFE-B2FA-9A90C6C98742}"
EndProject
Project("{9A19103F-16F7-4668-BE54-9A1E7A4F7556}") = "1114.PrintInOrder", "1114.PrintInOrder\1114.PrintInOrder.csproj", "{F21775EC-AECF-46D5-8DF5-44F8D0E251EB}"
EndProject
Project("{9A19103F-16F7-4668-BE54-9A1E7A4F7556}") = "1405.LongestHappyString", "1405.LongestHappyString\1405.LongestHappyString.csproj", "{BB47DC80-B2C2-446E-A560-8E7D4618C1B1}"
EndProject
Project("{9A19103F-16F7-4668-BE54-9A1E7A4F7556}") = "0273.IntegerToEnglish", "273.IntegerToEnglish\0273.IntegerToEnglish.csproj", "{ECCC8A52-9119-4649-BBAA-E21A40F7C24E}"
EndProject
Project("{9A19103F-16F7-4668-BE54-9A1E7A4F7556}") = "0151.ReverseWordsInString", "151.ReverseWordsInString\0151.ReverseWordsInString.csproj", "{3BE4D9D8-C5DD-42BE-B10B-EFEE0AFB3236}"
EndProject
Project("{9A19103F-16F7-4668-BE54-9A1E7A4F7556}") = "0146.LRUCache", "146.LRUCache\0146.LRUCache.csproj", "{F73CE28F-B59C-49AC-941B-2227019FFE84}"
EndProject
Project("{9A19103F-16F7-4668-BE54-9A1E7A4F7556}") = "0056.MergeIntervals", "56.MergeIntervals\0056.MergeIntervals.csproj", "{C26420DC-8081-4A30-A4EA-B2DC6516C99D}"
EndProject
Project("{FAE04EC0-301F-11D3-BF4B-00C04F79EFBC}") = "0206.ReverseLinkedList", "206.ReverseLinkedList\0206.ReverseLinkedList.csproj", "{A5928AB8-3D02-4C7B-B208-B246F4CBAB76}"
EndProject
Project("{FAE04EC0-301F-11D3-BF4B-00C04F79EFBC}") = "0092.ReverseLinkedListII", "92.ReverseLinkedListII\0092.ReverseLinkedListII.csproj", "{B4008504-A412-4D7F-9987-9B3F8D9E3F70}"
EndProject
Project("{FAE04EC0-301F-11D3-BF4B-00C04F79EFBC}") = "0200.NumberOfIslands", "200.NumberOfIslands\0200.NumberOfIslands.csproj", "{55B966BD-5543-4048-83A7-F65440C77E18}"
EndProject
Project("{FAE04EC0-301F-11D3-BF4B-00C04F79EFBC}") = "0393.UTF8Validation", "393.UTF8Validation\0393.UTF8Validation.csproj", "{27150B9E-F81B-4559-96A6-64CA9621073E}"
EndProject
Project("{FAE04EC0-301F-11D3-BF4B-00C04F79EFBC}") = "1909.CanOneBeRemovedToBeIncreasing", "1909.CanOneBeRemovedToBeIncreasing\1909.CanOneBeRemovedToBeIncreasing.csproj", "{6B468422-5AD0-4517-8D64-14E81F752095}"
EndProject
Project("{FAE04EC0-301F-11D3-BF4B-00C04F79EFBC}") = "0733.FloodFill", "733.FloodFill\0733.FloodFill.csproj", "{69999252-0BD4-42B7-AA38-D0A2C03D206E}"
EndProject
Project("{FAE04EC0-301F-11D3-BF4B-00C04F79EFBC}") = "0811.SubdomainVisitCount", "811.SubdomainVisitCount\0811.SubdomainVisitCount.csproj", "{B4E4DA85-F179-4E40-A2F9-4B87C7D45075}"
EndProject
Project("{FAE04EC0-301F-11D3-BF4B-00C04F79EFBC}") = "1319.NoOfOperationsToConnectNetwork", "1319.NoOfOperationsToConnectNetwork\1319.NoOfOperationsToConnectNetwork.csproj", "{8B37E063-E7B3-4FE5-A228-B3B939950DAB}"
EndProject
Project("{FAE04EC0-301F-11D3-BF4B-00C04F79EFBC}") = "0723.CandyCrush", "723.CandyCrush\0723.CandyCrush.csproj", "{328AA1E0-2BEE-4507-AD46-F5A71817D9D7}"
EndProject
Project("{FAE04EC0-301F-11D3-BF4B-00C04F79EFBC}") = "0539.MinimumTimeDifference", "539.MinimumTimeDifference\0539.MinimumTimeDifference.csproj", "{9ACD1D3B-C102-477B-9BAC-BF35374CC615}"
EndProject
Project("{FAE04EC0-301F-11D3-BF4B-00C04F79EFBC}") = "0072.EditDistance", "0072.EditDistance\0072.EditDistance.csproj", "{8C3E1F6F-BD66-4C02-8673-24B9D01425F0}"
EndProject
Global
	GlobalSection(SolutionConfigurationPlatforms) = preSolution
		Debug|Any CPU = Debug|Any CPU
		Release|Any CPU = Release|Any CPU
	EndGlobalSection
	GlobalSection(ProjectConfigurationPlatforms) = postSolution
		{6E1270BB-DCE5-48E0-A693-2CBCBAFDFD62}.Debug|Any CPU.ActiveCfg = Debug|Any CPU
		{6E1270BB-DCE5-48E0-A693-2CBCBAFDFD62}.Debug|Any CPU.Build.0 = Debug|Any CPU
		{6E1270BB-DCE5-48E0-A693-2CBCBAFDFD62}.Release|Any CPU.ActiveCfg = Release|Any CPU
		{6E1270BB-DCE5-48E0-A693-2CBCBAFDFD62}.Release|Any CPU.Build.0 = Release|Any CPU
		{679E602F-AC20-4668-9172-F7479FA66F6D}.Debug|Any CPU.ActiveCfg = Debug|Any CPU
		{679E602F-AC20-4668-9172-F7479FA66F6D}.Debug|Any CPU.Build.0 = Debug|Any CPU
		{679E602F-AC20-4668-9172-F7479FA66F6D}.Release|Any CPU.ActiveCfg = Release|Any CPU
		{679E602F-AC20-4668-9172-F7479FA66F6D}.Release|Any CPU.Build.0 = Release|Any CPU
		{96852708-0102-47C3-A08B-9616516D7190}.Debug|Any CPU.ActiveCfg = Debug|Any CPU
		{96852708-0102-47C3-A08B-9616516D7190}.Debug|Any CPU.Build.0 = Debug|Any CPU
		{96852708-0102-47C3-A08B-9616516D7190}.Release|Any CPU.ActiveCfg = Release|Any CPU
		{96852708-0102-47C3-A08B-9616516D7190}.Release|Any CPU.Build.0 = Release|Any CPU
		{CCAA255F-BE90-4DFE-B2FA-9A90C6C98742}.Debug|Any CPU.ActiveCfg = Debug|Any CPU
		{CCAA255F-BE90-4DFE-B2FA-9A90C6C98742}.Debug|Any CPU.Build.0 = Debug|Any CPU
		{CCAA255F-BE90-4DFE-B2FA-9A90C6C98742}.Release|Any CPU.ActiveCfg = Release|Any CPU
		{CCAA255F-BE90-4DFE-B2FA-9A90C6C98742}.Release|Any CPU.Build.0 = Release|Any CPU
		{F21775EC-AECF-46D5-8DF5-44F8D0E251EB}.Debug|Any CPU.ActiveCfg = Debug|Any CPU
		{F21775EC-AECF-46D5-8DF5-44F8D0E251EB}.Debug|Any CPU.Build.0 = Debug|Any CPU
		{F21775EC-AECF-46D5-8DF5-44F8D0E251EB}.Release|Any CPU.ActiveCfg = Release|Any CPU
		{F21775EC-AECF-46D5-8DF5-44F8D0E251EB}.Release|Any CPU.Build.0 = Release|Any CPU
		{BB47DC80-B2C2-446E-A560-8E7D4618C1B1}.Debug|Any CPU.ActiveCfg = Debug|Any CPU
		{BB47DC80-B2C2-446E-A560-8E7D4618C1B1}.Debug|Any CPU.Build.0 = Debug|Any CPU
		{BB47DC80-B2C2-446E-A560-8E7D4618C1B1}.Release|Any CPU.ActiveCfg = Release|Any CPU
		{BB47DC80-B2C2-446E-A560-8E7D4618C1B1}.Release|Any CPU.Build.0 = Release|Any CPU
		{ECCC8A52-9119-4649-BBAA-E21A40F7C24E}.Debug|Any CPU.ActiveCfg = Debug|Any CPU
		{ECCC8A52-9119-4649-BBAA-E21A40F7C24E}.Debug|Any CPU.Build.0 = Debug|Any CPU
		{ECCC8A52-9119-4649-BBAA-E21A40F7C24E}.Release|Any CPU.ActiveCfg = Release|Any CPU
		{ECCC8A52-9119-4649-BBAA-E21A40F7C24E}.Release|Any CPU.Build.0 = Release|Any CPU
		{3BE4D9D8-C5DD-42BE-B10B-EFEE0AFB3236}.Debug|Any CPU.ActiveCfg = Debug|Any CPU
		{3BE4D9D8-C5DD-42BE-B10B-EFEE0AFB3236}.Debug|Any CPU.Build.0 = Debug|Any CPU
		{3BE4D9D8-C5DD-42BE-B10B-EFEE0AFB3236}.Release|Any CPU.ActiveCfg = Release|Any CPU
		{3BE4D9D8-C5DD-42BE-B10B-EFEE0AFB3236}.Release|Any CPU.Build.0 = Release|Any CPU
		{F73CE28F-B59C-49AC-941B-2227019FFE84}.Debug|Any CPU.ActiveCfg = Debug|Any CPU
		{F73CE28F-B59C-49AC-941B-2227019FFE84}.Debug|Any CPU.Build.0 = Debug|Any CPU
		{F73CE28F-B59C-49AC-941B-2227019FFE84}.Release|Any CPU.ActiveCfg = Release|Any CPU
		{F73CE28F-B59C-49AC-941B-2227019FFE84}.Release|Any CPU.Build.0 = Release|Any CPU
		{C26420DC-8081-4A30-A4EA-B2DC6516C99D}.Debug|Any CPU.ActiveCfg = Debug|Any CPU
		{C26420DC-8081-4A30-A4EA-B2DC6516C99D}.Debug|Any CPU.Build.0 = Debug|Any CPU
		{C26420DC-8081-4A30-A4EA-B2DC6516C99D}.Release|Any CPU.ActiveCfg = Release|Any CPU
		{C26420DC-8081-4A30-A4EA-B2DC6516C99D}.Release|Any CPU.Build.0 = Release|Any CPU
		{A5928AB8-3D02-4C7B-B208-B246F4CBAB76}.Debug|Any CPU.ActiveCfg = Debug|Any CPU
		{A5928AB8-3D02-4C7B-B208-B246F4CBAB76}.Debug|Any CPU.Build.0 = Debug|Any CPU
		{A5928AB8-3D02-4C7B-B208-B246F4CBAB76}.Release|Any CPU.ActiveCfg = Release|Any CPU
		{A5928AB8-3D02-4C7B-B208-B246F4CBAB76}.Release|Any CPU.Build.0 = Release|Any CPU
		{B4008504-A412-4D7F-9987-9B3F8D9E3F70}.Debug|Any CPU.ActiveCfg = Debug|Any CPU
		{B4008504-A412-4D7F-9987-9B3F8D9E3F70}.Debug|Any CPU.Build.0 = Debug|Any CPU
		{B4008504-A412-4D7F-9987-9B3F8D9E3F70}.Release|Any CPU.ActiveCfg = Release|Any CPU
		{B4008504-A412-4D7F-9987-9B3F8D9E3F70}.Release|Any CPU.Build.0 = Release|Any CPU
		{55B966BD-5543-4048-83A7-F65440C77E18}.Debug|Any CPU.ActiveCfg = Debug|Any CPU
		{55B966BD-5543-4048-83A7-F65440C77E18}.Debug|Any CPU.Build.0 = Debug|Any CPU
		{55B966BD-5543-4048-83A7-F65440C77E18}.Release|Any CPU.ActiveCfg = Release|Any CPU
		{55B966BD-5543-4048-83A7-F65440C77E18}.Release|Any CPU.Build.0 = Release|Any CPU
		{27150B9E-F81B-4559-96A6-64CA9621073E}.Debug|Any CPU.ActiveCfg = Debug|Any CPU
		{27150B9E-F81B-4559-96A6-64CA9621073E}.Debug|Any CPU.Build.0 = Debug|Any CPU
		{27150B9E-F81B-4559-96A6-64CA9621073E}.Release|Any CPU.ActiveCfg = Release|Any CPU
		{27150B9E-F81B-4559-96A6-64CA9621073E}.Release|Any CPU.Build.0 = Release|Any CPU
		{6B468422-5AD0-4517-8D64-14E81F752095}.Debug|Any CPU.ActiveCfg = Debug|Any CPU
		{6B468422-5AD0-4517-8D64-14E81F752095}.Debug|Any CPU.Build.0 = Debug|Any CPU
		{6B468422-5AD0-4517-8D64-14E81F752095}.Release|Any CPU.ActiveCfg = Release|Any CPU
		{6B468422-5AD0-4517-8D64-14E81F752095}.Release|Any CPU.Build.0 = Release|Any CPU
		{69999252-0BD4-42B7-AA38-D0A2C03D206E}.Debug|Any CPU.ActiveCfg = Debug|Any CPU
		{69999252-0BD4-42B7-AA38-D0A2C03D206E}.Debug|Any CPU.Build.0 = Debug|Any CPU
		{69999252-0BD4-42B7-AA38-D0A2C03D206E}.Release|Any CPU.ActiveCfg = Release|Any CPU
		{69999252-0BD4-42B7-AA38-D0A2C03D206E}.Release|Any CPU.Build.0 = Release|Any CPU
		{B4E4DA85-F179-4E40-A2F9-4B87C7D45075}.Debug|Any CPU.ActiveCfg = Debug|Any CPU
		{B4E4DA85-F179-4E40-A2F9-4B87C7D45075}.Debug|Any CPU.Build.0 = Debug|Any CPU
		{B4E4DA85-F179-4E40-A2F9-4B87C7D45075}.Release|Any CPU.ActiveCfg = Release|Any CPU
		{B4E4DA85-F179-4E40-A2F9-4B87C7D45075}.Release|Any CPU.Build.0 = Release|Any CPU
		{8B37E063-E7B3-4FE5-A228-B3B939950DAB}.Debug|Any CPU.ActiveCfg = Debug|Any CPU
		{8B37E063-E7B3-4FE5-A228-B3B939950DAB}.Debug|Any CPU.Build.0 = Debug|Any CPU
		{8B37E063-E7B3-4FE5-A228-B3B939950DAB}.Release|Any CPU.ActiveCfg = Release|Any CPU
		{8B37E063-E7B3-4FE5-A228-B3B939950DAB}.Release|Any CPU.Build.0 = Release|Any CPU
		{328AA1E0-2BEE-4507-AD46-F5A71817D9D7}.Debug|Any CPU.ActiveCfg = Debug|Any CPU
		{328AA1E0-2BEE-4507-AD46-F5A71817D9D7}.Debug|Any CPU.Build.0 = Debug|Any CPU
		{328AA1E0-2BEE-4507-AD46-F5A71817D9D7}.Release|Any CPU.ActiveCfg = Release|Any CPU
		{328AA1E0-2BEE-4507-AD46-F5A71817D9D7}.Release|Any CPU.Build.0 = Release|Any CPU
		{9ACD1D3B-C102-477B-9BAC-BF35374CC615}.Debug|Any CPU.ActiveCfg = Debug|Any CPU
		{9ACD1D3B-C102-477B-9BAC-BF35374CC615}.Debug|Any CPU.Build.0 = Debug|Any CPU
		{9ACD1D3B-C102-477B-9BAC-BF35374CC615}.Release|Any CPU.ActiveCfg = Release|Any CPU
		{9ACD1D3B-C102-477B-9BAC-BF35374CC615}.Release|Any CPU.Build.0 = Release|Any CPU
		{8C3E1F6F-BD66-4C02-8673-24B9D01425F0}.Debug|Any CPU.ActiveCfg = Debug|Any CPU
		{8C3E1F6F-BD66-4C02-8673-24B9D01425F0}.Debug|Any CPU.Build.0 = Debug|Any CPU
		{8C3E1F6F-BD66-4C02-8673-24B9D01425F0}.Release|Any CPU.ActiveCfg = Release|Any CPU
		{8C3E1F6F-BD66-4C02-8673-24B9D01425F0}.Release|Any CPU.Build.0 = Release|Any CPU
	EndGlobalSection
	GlobalSection(SolutionProperties) = preSolution
		HideSolutionNode = FALSE
	EndGlobalSection
	GlobalSection(ExtensibilityGlobals) = postSolution
		SolutionGuid = {F9E3837A-5EDC-4936-93C0-DC339E2C9132}
	EndGlobalSection
EndGlobal
